// !$*UTF8*$!
{
	archiveVersion = 1;
	classes = {
	};
	objectVersion = 50;
	objects = {

/* Begin PBXBuildFile section */
		60774CEB267C385E002A256F /* SetApp.swift in Sources */ = {isa = PBXBuildFile; fileRef = 60774CEA267C385E002A256F /* SetApp.swift */; };
		60774CED267C385E002A256F /* SetGameView.swift in Sources */ = {isa = PBXBuildFile; fileRef = 60774CEC267C385E002A256F /* SetGameView.swift */; };
		60774CEF267C3860002A256F /* Assets.xcassets in Resources */ = {isa = PBXBuildFile; fileRef = 60774CEE267C3860002A256F /* Assets.xcassets */; };
		60774CF2267C3860002A256F /* Preview Assets.xcassets in Resources */ = {isa = PBXBuildFile; fileRef = 60774CF1267C3860002A256F /* Preview Assets.xcassets */; };
		60774CFD267C3860002A256F /* SetTests.swift in Sources */ = {isa = PBXBuildFile; fileRef = 60774CFC267C3860002A256F /* SetTests.swift */; };
		60774D08267C3860002A256F /* SetUITests.swift in Sources */ = {isa = PBXBuildFile; fileRef = 60774D07267C3860002A256F /* SetUITests.swift */; };
		60774D1A267C3D98002A256F /* SetGame.swift in Sources */ = {isa = PBXBuildFile; fileRef = 60774D19267C3D98002A256F /* SetGame.swift */; };
		60774D1C267C4CAA002A256F /* GameModel.swift in Sources */ = {isa = PBXBuildFile; fileRef = 60774D1B267C4CAA002A256F /* GameModel.swift */; };
		60774D1E267D7A64002A256F /* Grid.swift in Sources */ = {isa = PBXBuildFile; fileRef = 60774D1D267D7A64002A256F /* Grid.swift */; };
		60774D20267D7A7F002A256F /* GridLayout.swift in Sources */ = {isa = PBXBuildFile; fileRef = 60774D1F267D7A7F002A256F /* GridLayout.swift */; };
		60FA26BE2683AD7400E4A401 /* Array+Identifiable.swift in Sources */ = {isa = PBXBuildFile; fileRef = 60FA26BD2683AD7400E4A401 /* Array+Identifiable.swift */; };
		60FA26C02683CA2800E4A401 /* CardShapes.swift in Sources */ = {isa = PBXBuildFile; fileRef = 60FA26BF2683CA2800E4A401 /* CardShapes.swift */; };
/* End PBXBuildFile section */

/* Begin PBXContainerItemProxy section */
		60774CF9267C3860002A256F /* PBXContainerItemProxy */ = {
			isa = PBXContainerItemProxy;
			containerPortal = 60774CDF267C385E002A256F /* Project object */;
			proxyType = 1;
			remoteGlobalIDString = 60774CE6267C385E002A256F;
			remoteInfo = Set;
		};
		60774D04267C3860002A256F /* PBXContainerItemProxy */ = {
			isa = PBXContainerItemProxy;
			containerPortal = 60774CDF267C385E002A256F /* Project object */;
			proxyType = 1;
			remoteGlobalIDString = 60774CE6267C385E002A256F;
			remoteInfo = Set;
		};
/* End PBXContainerItemProxy section */

/* Begin PBXFileReference section */
		60774CE7267C385E002A256F /* Set.app */ = {isa = PBXFileReference; explicitFileType = wrapper.application; includeInIndex = 0; path = Set.app; sourceTree = BUILT_PRODUCTS_DIR; };
		60774CEA267C385E002A256F /* SetApp.swift */ = {isa = PBXFileReference; lastKnownFileType = sourcecode.swift; path = SetApp.swift; sourceTree = "<group>"; };
		60774CEC267C385E002A256F /* SetGameView.swift */ = {isa = PBXFileReference; lastKnownFileType = sourcecode.swift; path = SetGameView.swift; sourceTree = "<group>"; };
		60774CEE267C3860002A256F /* Assets.xcassets */ = {isa = PBXFileReference; lastKnownFileType = folder.assetcatalog; path = Assets.xcassets; sourceTree = "<group>"; };
		60774CF1267C3860002A256F /* Preview Assets.xcassets */ = {isa = PBXFileReference; lastKnownFileType = folder.assetcatalog; path = "Preview Assets.xcassets"; sourceTree = "<group>"; };
		60774CF3267C3860002A256F /* Info.plist */ = {isa = PBXFileReference; lastKnownFileType = text.plist.xml; path = Info.plist; sourceTree = "<group>"; };
		60774CF8267C3860002A256F /* SetTests.xctest */ = {isa = PBXFileReference; explicitFileType = wrapper.cfbundle; includeInIndex = 0; path = SetTests.xctest; sourceTree = BUILT_PRODUCTS_DIR; };
		60774CFC267C3860002A256F /* SetTests.swift */ = {isa = PBXFileReference; lastKnownFileType = sourcecode.swift; path = SetTests.swift; sourceTree = "<group>"; };
		60774CFE267C3860002A256F /* Info.plist */ = {isa = PBXFileReference; lastKnownFileType = text.plist.xml; path = Info.plist; sourceTree = "<group>"; };
		60774D03267C3860002A256F /* SetUITests.xctest */ = {isa = PBXFileReference; explicitFileType = wrapper.cfbundle; includeInIndex = 0; path = SetUITests.xctest; sourceTree = BUILT_PRODUCTS_DIR; };
		60774D07267C3860002A256F /* SetUITests.swift */ = {isa = PBXFileReference; lastKnownFileType = sourcecode.swift; path = SetUITests.swift; sourceTree = "<group>"; };
		60774D09267C3860002A256F /* Info.plist */ = {isa = PBXFileReference; lastKnownFileType = text.plist.xml; path = Info.plist; sourceTree = "<group>"; };
		60774D19267C3D98002A256F /* SetGame.swift */ = {isa = PBXFileReference; lastKnownFileType = sourcecode.swift; path = SetGame.swift; sourceTree = "<group>"; };
		60774D1B267C4CAA002A256F /* GameModel.swift */ = {isa = PBXFileReference; lastKnownFileType = sourcecode.swift; path = GameModel.swift; sourceTree = "<group>"; };
		60774D1D267D7A64002A256F /* Grid.swift */ = {isa = PBXFileReference; fileEncoding = 4; lastKnownFileType = sourcecode.swift; path = Grid.swift; sourceTree = "<group>"; };
		60774D1F267D7A7F002A256F /* GridLayout.swift */ = {isa = PBXFileReference; fileEncoding = 4; lastKnownFileType = sourcecode.swift; path = GridLayout.swift; sourceTree = "<group>"; };
		60FA26BD2683AD7400E4A401 /* Array+Identifiable.swift */ = {isa = PBXFileReference; fileEncoding = 4; lastKnownFileType = sourcecode.swift; path = "Array+Identifiable.swift"; sourceTree = "<group>"; };
		60FA26BF2683CA2800E4A401 /* CardShapes.swift */ = {isa = PBXFileReference; lastKnownFileType = sourcecode.swift; path = CardShapes.swift; sourceTree = "<group>"; };
/* End PBXFileReference section */

/* Begin PBXFrameworksBuildPhase section */
		60774CE4267C385E002A256F /* Frameworks */ = {
			isa = PBXFrameworksBuildPhase;
			buildActionMask = 2147483647;
			files = (
			);
			runOnlyForDeploymentPostprocessing = 0;
		};
		60774CF5267C3860002A256F /* Frameworks */ = {
			isa = PBXFrameworksBuildPhase;
			buildActionMask = 2147483647;
			files = (
			);
			runOnlyForDeploymentPostprocessing = 0;
		};
		60774D00267C3860002A256F /* Frameworks */ = {
			isa = PBXFrameworksBuildPhase;
			buildActionMask = 2147483647;
			files = (
			);
			runOnlyForDeploymentPostprocessing = 0;
		};
/* End PBXFrameworksBuildPhase section */

/* Begin PBXGroup section */
		60774CDE267C385E002A256F = {
			isa = PBXGroup;
			children = (
				60774CE9267C385E002A256F /* Set */,
				60774CFB267C3860002A256F /* SetTests */,
				60774D06267C3860002A256F /* SetUITests */,
				60774CE8267C385E002A256F /* Products */,
			);
			sourceTree = "<group>";
		};
		60774CE8267C385E002A256F /* Products */ = {
			isa = PBXGroup;
			children = (
				60774CE7267C385E002A256F /* Set.app */,
				60774CF8267C3860002A256F /* SetTests.xctest */,
				60774D03267C3860002A256F /* SetUITests.xctest */,
			);
			name = Products;
			sourceTree = "<group>";
		};
		60774CE9267C385E002A256F /* Set */ = {
			isa = PBXGroup;
			children = (
				60FA26BD2683AD7400E4A401 /* Array+Identifiable.swift */,
				60774CEA267C385E002A256F /* SetApp.swift */,
				60774CEC267C385E002A256F /* SetGameView.swift */,
				60774D19267C3D98002A256F /* SetGame.swift */,
				60774D1B267C4CAA002A256F /* GameModel.swift */,
				60FA26BF2683CA2800E4A401 /* CardShapes.swift */,
				60774D1D267D7A64002A256F /* Grid.swift */,
				60774D1F267D7A7F002A256F /* GridLayout.swift */,
				60774CEE267C3860002A256F /* Assets.xcassets */,
				60774CF3267C3860002A256F /* Info.plist */,
				60774CF0267C3860002A256F /* Preview Content */,
			);
			path = Set;
			sourceTree = "<group>";
		};
		60774CF0267C3860002A256F /* Preview Content */ = {
			isa = PBXGroup;
			children = (
				60774CF1267C3860002A256F /* Preview Assets.xcassets */,
			);
			path = "Preview Content";
			sourceTree = "<group>";
		};
		60774CFB267C3860002A256F /* SetTests */ = {
			isa = PBXGroup;
			children = (
				60774CFC267C3860002A256F /* SetTests.swift */,
				60774CFE267C3860002A256F /* Info.plist */,
			);
			path = SetTests;
			sourceTree = "<group>";
		};
		60774D06267C3860002A256F /* SetUITests */ = {
			isa = PBXGroup;
			children = (
				60774D07267C3860002A256F /* SetUITests.swift */,
				60774D09267C3860002A256F /* Info.plist */,
			);
			path = SetUITests;
			sourceTree = "<group>";
		};
/* End PBXGroup section */

/* Begin PBXNativeTarget section */
		60774CE6267C385E002A256F /* Set */ = {
			isa = PBXNativeTarget;
			buildConfigurationList = 60774D0C267C3860002A256F /* Build configuration list for PBXNativeTarget "Set" */;
			buildPhases = (
				60774CE3267C385E002A256F /* Sources */,
				60774CE4267C385E002A256F /* Frameworks */,
				60774CE5267C385E002A256F /* Resources */,
			);
			buildRules = (
			);
			dependencies = (
			);
			name = Set;
			productName = Set;
			productReference = 60774CE7267C385E002A256F /* Set.app */;
			productType = "com.apple.product-type.application";
		};
		60774CF7267C3860002A256F /* SetTests */ = {
			isa = PBXNativeTarget;
			buildConfigurationList = 60774D0F267C3860002A256F /* Build configuration list for PBXNativeTarget "SetTests" */;
			buildPhases = (
				60774CF4267C3860002A256F /* Sources */,
				60774CF5267C3860002A256F /* Frameworks */,
				60774CF6267C3860002A256F /* Resources */,
			);
			buildRules = (
			);
			dependencies = (
				60774CFA267C3860002A256F /* PBXTargetDependency */,
			);
			name = SetTests;
			productName = SetTests;
			productReference = 60774CF8267C3860002A256F /* SetTests.xctest */;
			productType = "com.apple.product-type.bundle.unit-test";
		};
		60774D02267C3860002A256F /* SetUITests */ = {
			isa = PBXNativeTarget;
			buildConfigurationList = 60774D12267C3860002A256F /* Build configuration list for PBXNativeTarget "SetUITests" */;
			buildPhases = (
				60774CFF267C3860002A256F /* Sources */,
				60774D00267C3860002A256F /* Frameworks */,
				60774D01267C3860002A256F /* Resources */,
			);
			buildRules = (
			);
			dependencies = (
				60774D05267C3860002A256F /* PBXTargetDependency */,
			);
			name = SetUITests;
			productName = SetUITests;
			productReference = 60774D03267C3860002A256F /* SetUITests.xctest */;
			productType = "com.apple.product-type.bundle.ui-testing";
		};
/* End PBXNativeTarget section */

/* Begin PBXProject section */
		60774CDF267C385E002A256F /* Project object */ = {
			isa = PBXProject;
			attributes = {
				LastSwiftUpdateCheck = 1250;
				LastUpgradeCheck = 1250;
				TargetAttributes = {
					60774CE6267C385E002A256F = {
						CreatedOnToolsVersion = 12.5;
					};
					60774CF7267C3860002A256F = {
						CreatedOnToolsVersion = 12.5;
						TestTargetID = 60774CE6267C385E002A256F;
					};
					60774D02267C3860002A256F = {
						CreatedOnToolsVersion = 12.5;
						TestTargetID = 60774CE6267C385E002A256F;
					};
				};
			};
			buildConfigurationList = 60774CE2267C385E002A256F /* Build configuration list for PBXProject "Set" */;
			compatibilityVersion = "Xcode 9.3";
			developmentRegion = en;
			hasScannedForEncodings = 0;
			knownRegions = (
				en,
				Base,
			);
			mainGroup = 60774CDE267C385E002A256F;
			productRefGroup = 60774CE8267C385E002A256F /* Products */;
			projectDirPath = "";
			projectRoot = "";
			targets = (
				60774CE6267C385E002A256F /* Set */,
				60774CF7267C3860002A256F /* SetTests */,
				60774D02267C3860002A256F /* SetUITests */,
			);
		};
/* End PBXProject section */

/* Begin PBXResourcesBuildPhase section */
		60774CE5267C385E002A256F /* Resources */ = {
			isa = PBXResourcesBuildPhase;
			buildActionMask = 2147483647;
			files = (
				60774CF2267C3860002A256F /* Preview Assets.xcassets in Resources */,
				60774CEF267C3860002A256F /* Assets.xcassets in Resources */,
			);
			runOnlyForDeploymentPostprocessing = 0;
		};
		60774CF6267C3860002A256F /* Resources */ = {
			isa = PBXResourcesBuildPhase;
			buildActionMask = 2147483647;
			files = (
			);
			runOnlyForDeploymentPostprocessing = 0;
		};
		60774D01267C3860002A256F /* Resources */ = {
			isa = PBXResourcesBuildPhase;
			buildActionMask = 2147483647;
			files = (
			);
			runOnlyForDeploymentPostprocessing = 0;
		};
/* End PBXResourcesBuildPhase section */

/* Begin PBXSourcesBuildPhase section */
		60774CE3267C385E002A256F /* Sources */ = {
			isa = PBXSourcesBuildPhase;
			buildActionMask = 2147483647;
			files = (
				60774D1C267C4CAA002A256F /* GameModel.swift in Sources */,
				60FA26C02683CA2800E4A401 /* CardShapes.swift in Sources */,
				60774CED267C385E002A256F /* SetGameView.swift in Sources */,
				60774D1A267C3D98002A256F /* SetGame.swift in Sources */,
				60774D20267D7A7F002A256F /* GridLayout.swift in Sources */,
				60774D1E267D7A64002A256F /* Grid.swift in Sources */,
				60FA26BE2683AD7400E4A401 /* Array+Identifiable.swift in Sources */,
				60774CEB267C385E002A256F /* SetApp.swift in Sources */,
			);
			runOnlyForDeploymentPostprocessing = 0;
		};
		60774CF4267C3860002A256F /* Sources */ = {
			isa = PBXSourcesBuildPhase;
			buildActionMask = 2147483647;
			files = (
				60774CFD267C3860002A256F /* SetTests.swift in Sources */,
			);
			runOnlyForDeploymentPostprocessing = 0;
		};
		60774CFF267C3860002A256F /* Sources */ = {
			isa = PBXSourcesBuildPhase;
			buildActionMask = 2147483647;
			files = (
				60774D08267C3860002A256F /* SetUITests.swift in Sources */,
			);
			runOnlyForDeploymentPostprocessing = 0;
		};
/* End PBXSourcesBuildPhase section */

/* Begin PBXTargetDependency section */
		60774CFA267C3860002A256F /* PBXTargetDependency */ = {
			isa = PBXTargetDependency;
			target = 60774CE6267C385E002A256F /* Set */;
			targetProxy = 60774CF9267C3860002A256F /* PBXContainerItemProxy */;
		};
		60774D05267C3860002A256F /* PBXTargetDependency */ = {
			isa = PBXTargetDependency;
			target = 60774CE6267C385E002A256F /* Set */;
			targetProxy = 60774D04267C3860002A256F /* PBXContainerItemProxy */;
		};
/* End PBXTargetDependency section */

/* Begin XCBuildConfiguration section */
		60774D0A267C3860002A256F /* Debug */ = {
			isa = XCBuildConfiguration;
			buildSettings = {
				ALWAYS_SEARCH_USER_PATHS = NO;
				CLANG_ANALYZER_NONNULL = YES;
				CLANG_ANALYZER_NUMBER_OBJECT_CONVERSION = YES_AGGRESSIVE;
				CLANG_CXX_LANGUAGE_STANDARD = "gnu++14";
				CLANG_CXX_LIBRARY = "libc++";
				CLANG_ENABLE_MODULES = YES;
				CLANG_ENABLE_OBJC_ARC = YES;
				CLANG_ENABLE_OBJC_WEAK = YES;
				CLANG_WARN_BLOCK_CAPTURE_AUTORELEASING = YES;
				CLANG_WARN_BOOL_CONVERSION = YES;
				CLANG_WARN_COMMA = YES;
				CLANG_WARN_CONSTANT_CONVERSION = YES;
				CLANG_WARN_DEPRECATED_OBJC_IMPLEMENTATIONS = YES;
				CLANG_WARN_DIRECT_OBJC_ISA_USAGE = YES_ERROR;
				CLANG_WARN_DOCUMENTATION_COMMENTS = YES;
				CLANG_WARN_EMPTY_BODY = YES;
				CLANG_WARN_ENUM_CONVERSION = YES;
				CLANG_WARN_INFINITE_RECURSION = YES;
				CLANG_WARN_INT_CONVERSION = YES;
				CLANG_WARN_NON_LITERAL_NULL_CONVERSION = YES;
				CLANG_WARN_OBJC_IMPLICIT_RETAIN_SELF = YES;
				CLANG_WARN_OBJC_LITERAL_CONVERSION = YES;
				CLANG_WARN_OBJC_ROOT_CLASS = YES_ERROR;
				CLANG_WARN_QUOTED_INCLUDE_IN_FRAMEWORK_HEADER = YES;
				CLANG_WARN_RANGE_LOOP_ANALYSIS = YES;
				CLANG_WARN_STRICT_PROTOTYPES = YES;
				CLANG_WARN_SUSPICIOUS_MOVE = YES;
				CLANG_WARN_UNGUARDED_AVAILABILITY = YES_AGGRESSIVE;
				CLANG_WARN_UNREACHABLE_CODE = YES;
				CLANG_WARN__DUPLICATE_METHOD_MATCH = YES;
				COPY_PHASE_STRIP = NO;
				DEBUG_INFORMATION_FORMAT = dwarf;
				ENABLE_STRICT_OBJC_MSGSEND = YES;
				ENABLE_TESTABILITY = YES;
				GCC_C_LANGUAGE_STANDARD = gnu11;
				GCC_DYNAMIC_NO_PIC = NO;
				GCC_NO_COMMON_BLOCKS = YES;
				GCC_OPTIMIZATION_LEVEL = 0;
				GCC_PREPROCESSOR_DEFINITIONS = (
					"DEBUG=1",
					"$(inherited)",
				);
				GCC_WARN_64_TO_32_BIT_CONVERSION = YES;
				GCC_WARN_ABOUT_RETURN_TYPE = YES_ERROR;
				GCC_WARN_UNDECLARED_SELECTOR = YES;
				GCC_WARN_UNINITIALIZED_AUTOS = YES_AGGRESSIVE;
				GCC_WARN_UNUSED_FUNCTION = YES;
				GCC_WARN_UNUSED_VARIABLE = YES;
				IPHONEOS_DEPLOYMENT_TARGET = 14.5;
				MTL_ENABLE_DEBUG_INFO = INCLUDE_SOURCE;
				MTL_FAST_MATH = YES;
				ONLY_ACTIVE_ARCH = YES;
				SDKROOT = iphoneos;
				SWIFT_ACTIVE_COMPILATION_CONDITIONS = DEBUG;
				SWIFT_OPTIMIZATION_LEVEL = "-Onone";
			};
			name = Debug;
		};
		60774D0B267C3860002A256F /* Release */ = {
			isa = XCBuildConfiguration;
			buildSettings = {
				ALWAYS_SEARCH_USER_PATHS = NO;
				CLANG_ANALYZER_NONNULL = YES;
				CLANG_ANALYZER_NUMBER_OBJECT_CONVERSION = YES_AGGRESSIVE;
				CLANG_CXX_LANGUAGE_STANDARD = "gnu++14";
				CLANG_CXX_LIBRARY = "libc++";
				CLANG_ENABLE_MODULES = YES;
				CLANG_ENABLE_OBJC_ARC = YES;
				CLANG_ENABLE_OBJC_WEAK = YES;
				CLANG_WARN_BLOCK_CAPTURE_AUTORELEASING = YES;
				CLANG_WARN_BOOL_CONVERSION = YES;
				CLANG_WARN_COMMA = YES;
				CLANG_WARN_CONSTANT_CONVERSION = YES;
				CLANG_WARN_DEPRECATED_OBJC_IMPLEMENTATIONS = YES;
				CLANG_WARN_DIRECT_OBJC_ISA_USAGE = YES_ERROR;
				CLANG_WARN_DOCUMENTATION_COMMENTS = YES;
				CLANG_WARN_EMPTY_BODY = YES;
				CLANG_WARN_ENUM_CONVERSION = YES;
				CLANG_WARN_INFINITE_RECURSION = YES;
				CLANG_WARN_INT_CONVERSION = YES;
				CLANG_WARN_NON_LITERAL_NULL_CONVERSION = YES;
				CLANG_WARN_OBJC_IMPLICIT_RETAIN_SELF = YES;
				CLANG_WARN_OBJC_LITERAL_CONVERSION = YES;
				CLANG_WARN_OBJC_ROOT_CLASS = YES_ERROR;
				CLANG_WARN_QUOTED_INCLUDE_IN_FRAMEWORK_HEADER = YES;
				CLANG_WARN_RANGE_LOOP_ANALYSIS = YES;
				CLANG_WARN_STRICT_PROTOTYPES = YES;
				CLANG_WARN_SUSPICIOUS_MOVE = YES;
				CLANG_WARN_UNGUARDED_AVAILABILITY = YES_AGGRESSIVE;
				CLANG_WARN_UNREACHABLE_CODE = YES;
				CLANG_WARN__DUPLICATE_METHOD_MATCH = YES;
				COPY_PHASE_STRIP = NO;
				DEBUG_INFORMATION_FORMAT = "dwarf-with-dsym";
				ENABLE_NS_ASSERTIONS = NO;
				ENABLE_STRICT_OBJC_MSGSEND = YES;
				GCC_C_LANGUAGE_STANDARD = gnu11;
				GCC_NO_COMMON_BLOCKS = YES;
				GCC_WARN_64_TO_32_BIT_CONVERSION = YES;
				GCC_WARN_ABOUT_RETURN_TYPE = YES_ERROR;
				GCC_WARN_UNDECLARED_SELECTOR = YES;
				GCC_WARN_UNINITIALIZED_AUTOS = YES_AGGRESSIVE;
				GCC_WARN_UNUSED_FUNCTION = YES;
				GCC_WARN_UNUSED_VARIABLE = YES;
				IPHONEOS_DEPLOYMENT_TARGET = 14.5;
				MTL_ENABLE_DEBUG_INFO = NO;
				MTL_FAST_MATH = YES;
				SDKROOT = iphoneos;
				SWIFT_COMPILATION_MODE = wholemodule;
				SWIFT_OPTIMIZATION_LEVEL = "-O";
				VALIDATE_PRODUCT = YES;
			};
			name = Release;
		};
		60774D0D267C3860002A256F /* Debug */ = {
			isa = XCBuildConfiguration;
			buildSettings = {
				ASSETCATALOG_COMPILER_APPICON_NAME = AppIcon;
				ASSETCATALOG_COMPILER_GLOBAL_ACCENT_COLOR_NAME = AccentColor;
				CODE_SIGN_STYLE = Automatic;
				DEVELOPMENT_ASSET_PATHS = "\"Set/Preview Content\"";
				DEVELOPMENT_TEAM = A737DHLE5S;
				ENABLE_PREVIEWS = YES;
				INFOPLIST_FILE = Set/Info.plist;
				IPHONEOS_DEPLOYMENT_TARGET = 14.0;
				LD_RUNPATH_SEARCH_PATHS = (
					"$(inherited)",
					"@executable_path/Frameworks",
				);
				PRODUCT_BUNDLE_IDENTIFIER = com.n8henrie.Set.Set;
				PRODUCT_NAME = "$(TARGET_NAME)";
				SWIFT_VERSION = 5.0;
				TARGETED_DEVICE_FAMILY = "1,2";
			};
			name = Debug;
		};
		60774D0E267C3860002A256F /* Release */ = {
			isa = XCBuildConfiguration;
			buildSettings = {
				ASSETCATALOG_COMPILER_APPICON_NAME = AppIcon;
				ASSETCATALOG_COMPILER_GLOBAL_ACCENT_COLOR_NAME = AccentColor;
				CODE_SIGN_STYLE = Automatic;
				DEVELOPMENT_ASSET_PATHS = "\"Set/Preview Content\"";
				DEVELOPMENT_TEAM = A737DHLE5S;
				ENABLE_PREVIEWS = YES;
				INFOPLIST_FILE = Set/Info.plist;
				IPHONEOS_DEPLOYMENT_TARGET = 14.0;
				LD_RUNPATH_SEARCH_PATHS = (
					"$(inherited)",
					"@executable_path/Frameworks",
				);
				PRODUCT_BUNDLE_IDENTIFIER = com.n8henrie.Set.Set;
				PRODUCT_NAME = "$(TARGET_NAME)";
				SWIFT_VERSION = 5.0;
				TARGETED_DEVICE_FAMILY = "1,2";
			};
			name = Release;
		};
		60774D10267C3860002A256F /* Debug */ = {
			isa = XCBuildConfiguration;
			buildSettings = {
				ALWAYS_EMBED_SWIFT_STANDARD_LIBRARIES = YES;
				BUNDLE_LOADER = "$(TEST_HOST)";
				CODE_SIGN_STYLE = Automatic;
				DEVELOPMENT_TEAM = A737DHLE5S;
				INFOPLIST_FILE = SetTests/Info.plist;
				IPHONEOS_DEPLOYMENT_TARGET = 14.0;
				LD_RUNPATH_SEARCH_PATHS = (
					"$(inherited)",
					"@executable_path/Frameworks",
					"@loader_path/Frameworks",
				);
				PRODUCT_BUNDLE_IDENTIFIER = com.n8henrie.Set.SetTests;
				PRODUCT_NAME = "$(TARGET_NAME)";
				SWIFT_VERSION = 5.0;
				TARGETED_DEVICE_FAMILY = "1,2";
				TEST_HOST = "$(BUILT_PRODUCTS_DIR)/Set.app/Set";
			};
			name = Debug;
		};
		60774D11267C3860002A256F /* Release */ = {
			isa = XCBuildConfiguration;
			buildSettings = {
				ALWAYS_EMBED_SWIFT_STANDARD_LIBRARIES = YES;
				BUNDLE_LOADER = "$(TEST_HOST)";
				CODE_SIGN_STYLE = Automatic;
				DEVELOPMENT_TEAM = A737DHLE5S;
				INFOPLIST_FILE = SetTests/Info.plist;
				IPHONEOS_DEPLOYMENT_TARGET = 14.0;
				LD_RUNPATH_SEARCH_PATHS = (
					"$(inherited)",
					"@executable_path/Frameworks",
					"@loader_path/Frameworks",
				);
				PRODUCT_BUNDLE_IDENTIFIER = com.n8henrie.Set.SetTests;
				PRODUCT_NAME = "$(TARGET_NAME)";
				SWIFT_VERSION = 5.0;
				TARGETED_DEVICE_FAMILY = "1,2";
				TEST_HOST = "$(BUILT_PRODUCTS_DIR)/Set.app/Set";
			};
			name = Release;
		};
		60774D13267C3860002A256F /* Debug */ = {
			isa = XCBuildConfiguration;
			buildSettings = {
				ALWAYS_EMBED_SWIFT_STANDARD_LIBRARIES = YES;
				CODE_SIGN_STYLE = Automatic;
				DEVELOPMENT_TEAM = A737DHLE5S;
				INFOPLIST_FILE = SetUITests/Info.plist;
				LD_RUNPATH_SEARCH_PATHS = (
					"$(inherited)",
					"@executable_path/Frameworks",
					"@loader_path/Frameworks",
				);
				PRODUCT_BUNDLE_IDENTIFIER = com.n8henrie.Set.SetUITests;
				PRODUCT_NAME = "$(TARGET_NAME)";
				SWIFT_VERSION = 5.0;
				TARGETED_DEVICE_FAMILY = "1,2";
				TEST_TARGET_NAME = Set;
			};
			name = Debug;
		};
		60774D14267C3860002A256F /* Release */ = {
			isa = XCBuildConfiguration;
			buildSettings = {
				ALWAYS_EMBED_SWIFT_STANDARD_LIBRARIES = YES;
				CODE_SIGN_STYLE = Automatic;
				DEVELOPMENT_TEAM = A737DHLE5S;
				INFOPLIST_FILE = SetUITests/Info.plist;
				LD_RUNPATH_SEARCH_PATHS = (
					"$(inherited)",
					"@executable_path/Frameworks",
					"@loader_path/Frameworks",
				);
				PRODUCT_BUNDLE_IDENTIFIER = com.n8henrie.Set.SetUITests;
				PRODUCT_NAME = "$(TARGET_NAME)";
				SWIFT_VERSION = 5.0;
				TARGETED_DEVICE_FAMILY = "1,2";
				TEST_TARGET_NAME = Set;
			};
			name = Release;
		};
/* End XCBuildConfiguration section */

/* Begin XCConfigurationList section */
		60774CE2267C385E002A256F /* Build configuration list for PBXProject "Set" */ = {
			isa = XCConfigurationList;
			buildConfigurations = (
				60774D0A267C3860002A256F /* Debug */,
				60774D0B267C3860002A256F /* Release */,
			);
			defaultConfigurationIsVisible = 0;
			defaultConfigurationName = Release;
		};
		60774D0C267C3860002A256F /* Build configuration list for PBXNativeTarget "Set" */ = {
			isa = XCConfigurationList;
			buildConfigurations = (
				60774D0D267C3860002A256F /* Debug */,
				60774D0E267C3860002A256F /* Release */,
			);
			defaultConfigurationIsVisible = 0;
			defaultConfigurationName = Release;
		};
		60774D0F267C3860002A256F /* Build configuration list for PBXNativeTarget "SetTests" */ = {
			isa = XCConfigurationList;
			buildConfigurations = (
				60774D10267C3860002A256F /* Debug */,
				60774D11267C3860002A256F /* Release */,
			);
			defaultConfigurationIsVisible = 0;
			defaultConfigurationName = Release;
		};
		60774D12267C3860002A256F /* Build configuration list for PBXNativeTarget "SetUITests" */ = {
			isa = XCConfigurationList;
			buildConfigurations = (
				60774D13267C3860002A256F /* Debug */,
				60774D14267C3860002A256F /* Release */,
			);
			defaultConfigurationIsVisible = 0;
			defaultConfigurationName = Release;
		};
/* End XCConfigurationList section */
	};
	rootObject = 60774CDF267C385E002A256F /* Project object */;
}
